
Microsoft Visual Studio Solution File, Format Version 12.00
# Visual Studio Version 17
VisualStudioVersion = 17.6.33801.468
MinimumVisualStudioVersion = 10.0.40219.1
Project("{9A19103F-16F7-4668-BE54-9A1E7A4F7556}") = "TeaShopApi", "TeaShopApi\TeaShopApi.csproj", "{3BEE80D0-F376-43F5-A725-3A590E71CCE6}"
EndProject
Project("{9A19103F-16F7-4668-BE54-9A1E7A4F7556}") = "TeaShopApi.EntityLayer", "TeaShopApi.EntityLayer\TeaShopApi.EntityLayer.csproj", "{04D86FA9-E6EE-49CA-871D-62BAC097BDA9}"
EndProject
Project("{9A19103F-16F7-4668-BE54-9A1E7A4F7556}") = "TeaShopApi.DataAccessLayer", "TeaShopApi.DataAccessLayer\TeaShopApi.DataAccessLayer.csproj", "{98EF311D-C80F-47FB-9E3A-3040AB090569}"
EndProject
Project("{9A19103F-16F7-4668-BE54-9A1E7A4F7556}") = "TeaShopApi.BusinessLayer", "TeaShopApi.BusinessLayer\TeaShopApi.BusinessLayer.csproj", "{6E3A68FA-63CB-4D62-AC48-B30199A5A8E3}"
EndProject
Project("{FAE04EC0-301F-11D3-BF4B-00C04F79EFBC}") = "TeaShopApi.DtoLayer", "TeaShopApi.DtoLayer\TeaShopApi.DtoLayer.csproj", "{180DD0C9-CFAA-468C-9BA2-59B2478A41AB}"
EndProject
Global
	GlobalSection(SolutionConfigurationPlatforms) = preSolution
		Debug|Any CPU = Debug|Any CPU
		Release|Any CPU = Release|Any CPU
	EndGlobalSection
	GlobalSection(ProjectConfigurationPlatforms) = postSolution
		{3BEE80D0-F376-43F5-A725-3A590E71CCE6}.Debug|Any CPU.ActiveCfg = Debug|Any CPU
		{3BEE80D0-F376-43F5-A725-3A590E71CCE6}.Debug|Any CPU.Build.0 = Debug|Any CPU
		{3BEE80D0-F376-43F5-A725-3A590E71CCE6}.Release|Any CPU.ActiveCfg = Release|Any CPU
		{3BEE80D0-F376-43F5-A725-3A590E71CCE6}.Release|Any CPU.Build.0 = Release|Any CPU
		{04D86FA9-E6EE-49CA-871D-62BAC097BDA9}.Debug|Any CPU.ActiveCfg = Debug|Any CPU
		{04D86FA9-E6EE-49CA-871D-62BAC097BDA9}.Debug|Any CPU.Build.0 = Debug|Any CPU
		{04D86FA9-E6EE-49CA-871D-62BAC097BDA9}.Release|Any CPU.ActiveCfg = Release|Any CPU
		{04D86FA9-E6EE-49CA-871D-62BAC097BDA9}.Release|Any CPU.Build.0 = Release|Any CPU
		{98EF311D-C80F-47FB-9E3A-3040AB090569}.Debug|Any CPU.ActiveCfg = Debug|Any CPU
		{98EF311D-C80F-47FB-9E3A-3040AB090569}.Debug|Any CPU.Build.0 = Debug|Any CPU
		{98EF311D-C80F-47FB-9E3A-3040AB090569}.Release|Any CPU.ActiveCfg = Release|Any CPU
		{98EF311D-C80F-47FB-9E3A-3040AB090569}.Release|Any CPU.Build.0 = Release|Any CPU
		{6E3A68FA-63CB-4D62-AC48-B30199A5A8E3}.Debug|Any CPU.ActiveCfg = Debug|Any CPU
		{6E3A68FA-63CB-4D62-AC48-B30199A5A8E3}.Debug|Any CPU.Build.0 = Debug|Any CPU
		{6E3A68FA-63CB-4D62-AC48-B30199A5A8E3}.Release|Any CPU.ActiveCfg = Release|Any CPU
		{6E3A68FA-63CB-4D62-AC48-B30199A5A8E3}.Release|Any CPU.Build.0 = Release|Any CPU
		{180DD0C9-CFAA-468C-9BA2-59B2478A41AB}.Debug|Any CPU.ActiveCfg = Debug|Any CPU
		{180DD0C9-CFAA-468C-9BA2-59B2478A41AB}.Debug|Any CPU.Build.0 = Debug|Any CPU
		{180DD0C9-CFAA-468C-9BA2-59B2478A41AB}.Release|Any CPU.ActiveCfg = Release|Any CPU
		{180DD0C9-CFAA-468C-9BA2-59B2478A41AB}.Release|Any CPU.Build.0 = Release|Any CPU
	EndGlobalSection
	GlobalSection(SolutionProperties) = preSolution
		HideSolutionNode = FALSE
	EndGlobalSection
	GlobalSection(ExtensibilityGlobals) = postSolution
		SolutionGuid = {BBBD8BF8-EC4C-42F9-A4F7-49F50A64300E}
	EndGlobalSection
EndGlobal
